# This file is autogenerated, do not edit; changes may be undone by the next 'dep ensure'.


[[projects]]
  branch = "master"
  digest = "1:96d5c4e62a948c75882439e8ae1e2bf28db813849724c15b1e88104c80b24e57"
  name = "github.com/Azure/go-ntlmssp"
  packages = ["."]
  pruneopts = "UT"
  revision = "4a21cbd618b459155f8b8ee7f4491cd54f5efa77"

[[projects]]
  digest = "1:3f05b2028e83bf1d97d9ab2874bfc9f12f91a2946019499f830db16a02eb2385"
  name = "github.com/ChrisTrenkamp/goxpath"
  packages = [
    ".",
    "internal/execxp",
    "internal/lexer",
    "internal/parser",
    "internal/parser/findutil",
    "internal/parser/intfns",
    "internal/parser/pathexpr",
    "internal/xconst",
    "internal/xsort",
    "tree",
    "tree/xmltree",
    "tree/xmltree/xmlbuilder",
    "tree/xmltree/xmlele",
    "tree/xmltree/xmlnode",
  ]
  pruneopts = "UT"
  revision = "2ad3b31cf4a21db70fc0cacd0e0120eaae566f98"
  version = "v1.0-alpha3"

[[projects]]
  digest = "1:6f9339c912bbdda81302633ad7e99a28dfa5a639c864061f1929510a9a64aa74"
  name = "github.com/dustin/go-humanize"
  packages = ["."]
  pruneopts = "UT"
  revision = "9f541cc9db5d55bce703bd99987c9d5cb8eea45e"
  version = "v1.0.0"

[[projects]]
  digest = "1:bd32c129fe70214cc893506d1e5ca5fa66f29f5a75b43610959fc22b705cc650"
  name = "github.com/evilsocket/islazy"
  packages = [
    "async",
    "fs",
    "log",
    "plugin",
    "str",
    "tui",
  ]
  pruneopts = "UT"
  revision = "cbdab98bdf66f776cf87f90f51328c7b41348125"
  version = "v1.9.3"

[[projects]]
  branch = "master"
  digest = "1:a7c1ab68a6cdeffcb148dc0d8b92c897f034aa38f58b69eab9bc6e77645b26fb"
  name = "github.com/masterzen/simplexml"
  packages = ["dom"]
  pruneopts = "UT"
  revision = "4572e39b1ab9fe03ee513ce6fc7e289e98482190"

[[projects]]
  branch = "master"
  digest = "1:da344f3de94ad2424502dab3e8877ec79cc12b377e5b509aa74c94a751ace974"
  name = "github.com/masterzen/winrm"
  packages = [
    ".",
    "soap",
  ]
  pruneopts = "UT"
  revision = "a196a4ff2a86e262d40284f34b6d5bf328d22d29"

[[projects]]
  branch = "master"
  digest = "1:0e1e5f960c58fdc677212fcc70e55042a0084d367623e51afbdb568963832f5d"
  name = "github.com/nu7hatch/gouuid"
  packages = ["."]
  pruneopts = "UT"
  revision = "179d4d0c4d8d407a32af483c2354df1d2c91e6c3"

[[projects]]
  branch = "master"
  digest = "1:8ca619fd5ff6877c2b638dcc6f0dafd70dd54117c0ab64456722166edcc7e305"
  name = "github.com/reiver/go-oi"
  packages = ["."]
  pruneopts = "UT"
  revision = "431c83978379297f04f85f6eb94f129f25ab741d"

[[projects]]
  branch = "master"
  digest = "1:5a9ba677807e12c903f0f1b83a7c44b9907fbb82767108ef9d80e58d5e7be70b"
  name = "github.com/reiver/go-telnet"
  packages = ["."]
  pruneopts = "UT"
  revision = "9ff0b2ab096ebe42bf8e2ffd1366e7ed2223b04c"

[[projects]]
  branch = "master"
  digest = "1:dbfe572cc258e5bcf54cb650a06d90edd0da04e42ca1ed909cc1d49f00011c63"
  name = "github.com/robertkrimen/otto"
  packages = [
    ".",
    "ast",
    "dbg",
    "file",
    "parser",
    "registry",
    "token",
  ]
  pruneopts = "UT"
  revision = "15f95af6e78dcd2030d8195a138bd88d4f403546"

[[projects]]
  branch = "master"
  digest = "1:532e018ac9a0a90e411455171157f1fe84b9c3909f33abe25467d472b3fa01de"
  name = "golang.org/x/crypto"
  packages = [
    "curve25519",
    "ed25519",
    "ed25519/internal/edwards25519",
    "internal/chacha20",
    "internal/subtle",
    "md4",
    "poly1305",
    "ssh",
    "ssh/agent",
  ]
  pruneopts = "UT"
  revision = "b8fe1690c61389d7d2a8074a507d1d40c5d30448"

[[projects]]
  branch = "master"
  digest = "1:6a836ddb20f3dc83ff08d355a27eb0aa7d3020d2ba1ddaadc56d87c28bf65a2b"
  name = "golang.org/x/net"
  packages = [
    "html",
    "html/atom",
    "html/charset",
    "internal/socks",
    "proxy",
  ]
  pruneopts = "UT"
  revision = "d26f9f9a57f3fab6a695bec0d84433c2c50f8bbf"

[[projects]]
  digest = "1:aa4d6967a3237f8367b6bf91503964a77183ecf696f1273e8ad3551bb4412b5f"
  name = "golang.org/x/text"
  packages = [
    "encoding",
    "encoding/charmap",
    "encoding/htmlindex",
    "encoding/internal",
    "encoding/internal/identifier",
    "encoding/japanese",
    "encoding/korean",
    "encoding/simplifiedchinese",
    "encoding/traditionalchinese",
    "encoding/unicode",
    "internal/gen",
    "internal/tag",
    "internal/utf8internal",
    "language",
    "runes",
    "transform",
    "unicode/cldr",
  ]
  pruneopts = "UT"
  revision = "f21a4dfb5e38f5895301dc265a8def02365cc3d0"
  version = "v0.3.0"

[[projects]]
  digest = "1:9935525a8c49b8434a0b0a54e1980e94a6fae73aaff45c5d33ba8dff69de123e"
  name = "gopkg.in/sourcemap.v1"
  packages = [
    ".",
    "base64vlq",
  ]
  pruneopts = "UT"
  revision = "6e83acea0053641eff084973fee085f0c193c61a"
  version = "v1.0.5"

[solve-meta]
  analyzer-name = "dep"
  analyzer-version = 1
  input-imports = [
    "github.com/dustin/go-humanize",
    "github.com/evilsocket/islazy/async",
    "github.com/evilsocket/islazy/fs",
    "github.com/evilsocket/islazy/log",
    "github.com/evilsocket/islazy/plugin",
    "github.com/evilsocket/islazy/str",
    "github.com/evilsocket/islazy/tui",
    "github.com/masterzen/winrm",
    "github.com/reiver/go-telnet",
    "golang.org/x/crypto/ssh",
    "golang.org/x/crypto/ssh/agent",
    "golang.org/x/net/proxy",
  ]
  solver-name = "gps-cdcl"
  solver-version = 1
